
Microsoft Visual Studio Solution File, Format Version 12.00
# Visual Studio Version 17
VisualStudioVersion = 17.5.33502.453
MinimumVisualStudioVersion = 10.0.40219.1
Project("{FAE04EC0-301F-11D3-BF4B-00C04F79EFBC}") = "Language", "Language\Language.csproj", "{C7C1CA47-F3C0-45FF-93F5-922BA481B598}"
EndProject
Global
	GlobalSection(SolutionConfigurationPlatforms) = preSolution
		Debug|Any CPU = Debug|Any CPU
		Release|Any CPU = Release|Any CPU
	EndGlobalSection
	GlobalSection(ProjectConfigurationPlatforms) = postSolution
		{C7C1CA47-F3C0-45FF-93F5-922BA481B598}.Debug|Any CPU.ActiveCfg = Debug|Any CPU
		{C7C1CA47-F3C0-45FF-93F5-922BA481B598}.Debug|Any CPU.Build.0 = Debug|Any CPU
		{C7C1CA47-F3C0-45FF-93F5-922BA481B598}.Release|Any CPU.ActiveCfg = Release|Any CPU
		{C7C1CA47-F3C0-45FF-93F5-922BA481B598}.Release|Any CPU.Build.0 = Release|Any CPU
	EndGlobalSection
	GlobalSection(SolutionProperties) = preSolution
		HideSolutionNode = FALSE
	EndGlobalSection
	GlobalSection(ExtensibilityGlobals) = postSolution
		SolutionGuid = {DA550F06-B9D4-4CBC-AC80-70B320FAD173}
	EndGlobalSection
EndGlobal
